
Microsoft Visual Studio Solution File, Format Version 12.00
# Visual Studio Version 17
VisualStudioVersion = 17.3.32819.101
MinimumVisualStudioVersion = 10.0.40219.1
Project("{FAE04EC0-301F-11D3-BF4B-00C04F79EFBC}") = "pad_deklaracja", "pad_deklaracja.csproj", "{22F1F92C-BCE6-47DB-8F24-58CC20FF6EF4}"
EndProject
Project("{2150E333-8FDC-42A3-9474-1A3956D46DE8}") = "Solution Items", "Solution Items", "{A2410D3C-B255-4B19-ABEE-2D47D74B888C}"
EndProject
Global
	GlobalSection(SolutionConfigurationPlatforms) = preSolution
		Debug|Any CPU = Debug|Any CPU
		Release|Any CPU = Release|Any CPU
	EndGlobalSection
	GlobalSection(ProjectConfigurationPlatforms) = postSolution
		{22F1F92C-BCE6-47DB-8F24-58CC20FF6EF4}.Debug|Any CPU.ActiveCfg = Debug|Any CPU
		{22F1F92C-BCE6-47DB-8F24-58CC20FF6EF4}.Debug|Any CPU.Build.0 = Debug|Any CPU
		{22F1F92C-BCE6-47DB-8F24-58CC20FF6EF4}.Release|Any CPU.ActiveCfg = Release|Any CPU
		{22F1F92C-BCE6-47DB-8F24-58CC20FF6EF4}.Release|Any CPU.Build.0 = Release|Any CPU
	EndGlobalSection
	GlobalSection(SolutionProperties) = preSolution
		HideSolutionNode = FALSE
	EndGlobalSection
	GlobalSection(ExtensibilityGlobals) = postSolution
		SolutionGuid = {9D50621E-26DD-4C99-8F6C-A75BDD162EAA}
	EndGlobalSection
EndGlobal
